# THIS IS AN AUTOGENERATED FILE. DO NOT EDIT THIS FILE DIRECTLY.
# yarn lockfile v1


axios@^0.17.1:
  version "0.17.1"
  resolved "http://r.cnpmjs.org/axios/download/axios-0.17.1.tgz#2d8e3e5d0bdbd7327f91bc814f5c57660f81824d"
  dependencies:
    follow-redirects "^1.2.5"
    is-buffer "^1.1.5"

commander@^2.13.0:
  version "2.13.0"
  resolved "http://r.cnpmjs.org/commander/download/commander-2.13.0.tgz#6964bca67685df7c1f1430c584f07d7597885b9c"

debug@^3.1.0:
  version "3.1.0"
  resolved "http://r.cnpmjs.org/debug/download/debug-3.1.0.tgz#5bb5a0672628b64149566ba16819e61518c67261"
  dependencies:
    ms "2.0.0"

ejs@^2.5.7:
  version "2.5.7"
  resolved "http://r.cnpmjs.org/ejs/download/ejs-2.5.7.tgz#cc872c168880ae3c7189762fd5ffc00896c9518a"

follow-redirects@^1.2.5:
  version "1.3.0"
  resolved "http://r.cnpmjs.org/follow-redirects/download/follow-redirects-1.3.0.tgz#f684871fc116d2e329fda55ef67687f4fabc905c"
  dependencies:
    debug "^3.1.0"

graceful-fs@^4.1.6:
  version "4.1.11"
  resolved "http://r.cnpmjs.org/graceful-fs/download/graceful-fs-4.1.11.tgz#0e8bdfe4d1ddb8854d64e04ea7c00e2a026e5658"

is-buffer@^1.1.5:
  version "1.1.6"
  resolved "http://r.cnpmjs.org/is-buffer/download/is-buffer-1.1.6.tgz#efaa2ea9daa0d7ab2ea13a97b2b8ad51fefbe8be"

jsonfile@^4.0.0:
  version "4.0.0"
  resolved "http://r.cnpmjs.org/jsonfile/download/jsonfile-4.0.0.tgz#8771aae0799b64076b76640fca058f9c10e33ecb"
  optionalDependencies:
    graceful-fs "^4.1.6"

lodash@^4.17.4:
  version "4.17.4"
  resolved "http://r.cnpmjs.org/lodash/download/lodash-4.17.4.tgz#78203a4d1c328ae1d86dca6460e369b57f4055ae"

minimist@0.0.8:
  version "0.0.8"
  resolved "http://r.cnpmjs.org/minimist/download/minimist-0.0.8.tgz#857fcabfc3397d2625b8228262e86aa7a011b05d"

mkdirp@^0.5.1:
  version "0.5.1"
  resolved "http://r.cnpmjs.org/mkdirp/download/mkdirp-0.5.1.tgz#30057438eac6cf7f8c4767f38648d6697d75c903"
  dependencies:
    minimist "0.0.8"

ms@2.0.0:
  version "2.0.0"
  resolved "http://r.cnpmjs.org/ms/download/ms-2.0.0.tgz#5608aeadfc00be6c2901df5f9861788de0d597c8"
